
Microsoft Visual Studio Solution File, Format Version 12.00
# Visual Studio Version 16
VisualStudioVersion = 16.0.29613.14
MinimumVisualStudioVersion = 10.0.40219.1
Project("{FAE04EC0-301F-11D3-BF4B-00C04F79EFBC}") = "WindowsFormsApp2", "WindowsFormsApp2.csproj", "{3A7F1B22-5D24-4EA6-9CFC-31B6ADB16F39}"
EndProject
Global
	GlobalSection(SolutionConfigurationPlatforms) = preSolution
		Debug|Any CPU = Debug|Any CPU
		Release|Any CPU = Release|Any CPU
	EndGlobalSection
	GlobalSection(ProjectConfigurationPlatforms) = postSolution
		{3A7F1B22-5D24-4EA6-9CFC-31B6ADB16F39}.Debug|Any CPU.ActiveCfg = Debug|Any CPU
		{3A7F1B22-5D24-4EA6-9CFC-31B6ADB16F39}.Debug|Any CPU.Build.0 = Debug|Any CPU
		{3A7F1B22-5D24-4EA6-9CFC-31B6ADB16F39}.Release|Any CPU.ActiveCfg = Release|Any CPU
		{3A7F1B22-5D24-4EA6-9CFC-31B6ADB16F39}.Release|Any CPU.Build.0 = Release|Any CPU
	EndGlobalSection
	GlobalSection(SolutionProperties) = preSolution
		HideSolutionNode = FALSE
	EndGlobalSection
	GlobalSection(ExtensibilityGlobals) = postSolution
		SolutionGuid = {D4D8D735-127E-4F51-AAE5-221A1BF689E1}
	EndGlobalSection
EndGlobal
