
Microsoft Visual Studio Solution File, Format Version 12.00
# Visual Studio Version 16
VisualStudioVersion = 16.0.29613.14
MinimumVisualStudioVersion = 10.0.40219.1
Project("{FAE04EC0-301F-11D3-BF4B-00C04F79EFBC}") = "Form1", "Form1.csproj", "{7EA1BF21-E35E-475A-BCFE-234B34A15D5B}"
EndProject
Global
	GlobalSection(SolutionConfigurationPlatforms) = preSolution
		Debug|Any CPU = Debug|Any CPU
		Release|Any CPU = Release|Any CPU
	EndGlobalSection
	GlobalSection(ProjectConfigurationPlatforms) = postSolution
		{7EA1BF21-E35E-475A-BCFE-234B34A15D5B}.Debug|Any CPU.ActiveCfg = Debug|Any CPU
		{7EA1BF21-E35E-475A-BCFE-234B34A15D5B}.Debug|Any CPU.Build.0 = Debug|Any CPU
		{7EA1BF21-E35E-475A-BCFE-234B34A15D5B}.Release|Any CPU.ActiveCfg = Release|Any CPU
		{7EA1BF21-E35E-475A-BCFE-234B34A15D5B}.Release|Any CPU.Build.0 = Release|Any CPU
	EndGlobalSection
	GlobalSection(SolutionProperties) = preSolution
		HideSolutionNode = FALSE
	EndGlobalSection
	GlobalSection(ExtensibilityGlobals) = postSolution
		SolutionGuid = {AE0B350D-7DBD-4791-8682-FBC559866430}
	EndGlobalSection
EndGlobal
