
Microsoft Visual Studio Solution File, Format Version 12.00
# Visual Studio Version 16
VisualStudioVersion = 16.0.29613.14
MinimumVisualStudioVersion = 10.0.40219.1
Project("{FAE04EC0-301F-11D3-BF4B-00C04F79EFBC}") = "Area_simple", "Area_simple.csproj", "{9001BA10-A39E-4049-82A5-FF13BB73D8BD}"
EndProject
Global
	GlobalSection(SolutionConfigurationPlatforms) = preSolution
		Debug|Any CPU = Debug|Any CPU
		Release|Any CPU = Release|Any CPU
	EndGlobalSection
	GlobalSection(ProjectConfigurationPlatforms) = postSolution
		{9001BA10-A39E-4049-82A5-FF13BB73D8BD}.Debug|Any CPU.ActiveCfg = Debug|Any CPU
		{9001BA10-A39E-4049-82A5-FF13BB73D8BD}.Debug|Any CPU.Build.0 = Debug|Any CPU
		{9001BA10-A39E-4049-82A5-FF13BB73D8BD}.Release|Any CPU.ActiveCfg = Release|Any CPU
		{9001BA10-A39E-4049-82A5-FF13BB73D8BD}.Release|Any CPU.Build.0 = Release|Any CPU
	EndGlobalSection
	GlobalSection(SolutionProperties) = preSolution
		HideSolutionNode = FALSE
	EndGlobalSection
	GlobalSection(ExtensibilityGlobals) = postSolution
		SolutionGuid = {8337FA5F-1AED-44BE-B8FF-35BD16B40E15}
	EndGlobalSection
EndGlobal
