
Microsoft Visual Studio Solution File, Format Version 12.00
# Visual Studio Version 16
VisualStudioVersion = 16.0.29613.14
MinimumVisualStudioVersion = 10.0.40219.1
Project("{FAE04EC0-301F-11D3-BF4B-00C04F79EFBC}") = "ConsoleApp5", "ConsoleApp5.csproj", "{1834C62A-4E43-4ED1-9181-8131BF8142CF}"
EndProject
Global
	GlobalSection(SolutionConfigurationPlatforms) = preSolution
		Debug|Any CPU = Debug|Any CPU
		Release|Any CPU = Release|Any CPU
	EndGlobalSection
	GlobalSection(ProjectConfigurationPlatforms) = postSolution
		{1834C62A-4E43-4ED1-9181-8131BF8142CF}.Debug|Any CPU.ActiveCfg = Debug|Any CPU
		{1834C62A-4E43-4ED1-9181-8131BF8142CF}.Debug|Any CPU.Build.0 = Debug|Any CPU
		{1834C62A-4E43-4ED1-9181-8131BF8142CF}.Release|Any CPU.ActiveCfg = Release|Any CPU
		{1834C62A-4E43-4ED1-9181-8131BF8142CF}.Release|Any CPU.Build.0 = Release|Any CPU
	EndGlobalSection
	GlobalSection(SolutionProperties) = preSolution
		HideSolutionNode = FALSE
	EndGlobalSection
	GlobalSection(ExtensibilityGlobals) = postSolution
		SolutionGuid = {6406561A-03A1-4E9F-BAEC-2C4F4F74D055}
	EndGlobalSection
EndGlobal
