
Microsoft Visual Studio Solution File, Format Version 12.00
# Visual Studio Version 16
VisualStudioVersion = 16.0.29613.14
MinimumVisualStudioVersion = 10.0.40219.1
Project("{FAE04EC0-301F-11D3-BF4B-00C04F79EFBC}") = "Area using oop", "Area using oop.csproj", "{BBE832F0-044A-4E11-ADA6-11D6745FFE9C}"
EndProject
Global
	GlobalSection(SolutionConfigurationPlatforms) = preSolution
		Debug|Any CPU = Debug|Any CPU
		Release|Any CPU = Release|Any CPU
	EndGlobalSection
	GlobalSection(ProjectConfigurationPlatforms) = postSolution
		{BBE832F0-044A-4E11-ADA6-11D6745FFE9C}.Debug|Any CPU.ActiveCfg = Debug|Any CPU
		{BBE832F0-044A-4E11-ADA6-11D6745FFE9C}.Debug|Any CPU.Build.0 = Debug|Any CPU
		{BBE832F0-044A-4E11-ADA6-11D6745FFE9C}.Release|Any CPU.ActiveCfg = Release|Any CPU
		{BBE832F0-044A-4E11-ADA6-11D6745FFE9C}.Release|Any CPU.Build.0 = Release|Any CPU
	EndGlobalSection
	GlobalSection(SolutionProperties) = preSolution
		HideSolutionNode = FALSE
	EndGlobalSection
	GlobalSection(ExtensibilityGlobals) = postSolution
		SolutionGuid = {3ABE3A5A-71EA-44E4-B6AA-33918659C512}
	EndGlobalSection
EndGlobal
